// !$*UTF8*$!
{
	archiveVersion = 1;
	classes = {
	};
	objectVersion = 46;
	objects = {

/* Begin PBXBuildFile section */
		CC386F001D92E657007AFD6E /* ZUnzip.framework in Frameworks */ = {isa = PBXBuildFile; fileRef = CC386EF61D92E657007AFD6E /* ZUnzip.framework */; };
		CC386F051D92E657007AFD6E /* ZUnzipTests.swift in Sources */ = {isa = PBXBuildFile; fileRef = CC386F041D92E657007AFD6E /* ZUnzipTests.swift */; };
		CC386F071D92E657007AFD6E /* ZUnzip.h in Headers */ = {isa = PBXBuildFile; fileRef = CC386EF91D92E657007AFD6E /* ZUnzip.h */; settings = {ATTRIBUTES = (Public, ); }; };
		CC386F691D92E694007AFD6E /* config.h in Headers */ = {isa = PBXBuildFile; fileRef = CC386F0F1D92E694007AFD6E /* config.h */; };
		CC386F6A1D92E694007AFD6E /* zip.h in Headers */ = {isa = PBXBuildFile; fileRef = CC386F111D92E694007AFD6E /* zip.h */; };
		CC386F6B1D92E694007AFD6E /* zip_add.c in Sources */ = {isa = PBXBuildFile; fileRef = CC386F121D92E694007AFD6E /* zip_add.c */; };
		CC386F6C1D92E694007AFD6E /* zip_add_dir.c in Sources */ = {isa = PBXBuildFile; fileRef = CC386F131D92E694007AFD6E /* zip_add_dir.c */; };
		CC386F6D1D92E694007AFD6E /* zip_add_entry.c in Sources */ = {isa = PBXBuildFile; fileRef = CC386F141D92E694007AFD6E /* zip_add_entry.c */; };
		CC386F6E1D92E694007AFD6E /* zip_close.c in Sources */ = {isa = PBXBuildFile; fileRef = CC386F151D92E694007AFD6E /* zip_close.c */; };
		CC386F6F1D92E694007AFD6E /* zip_delete.c in Sources */ = {isa = PBXBuildFile; fileRef = CC386F161D92E694007AFD6E /* zip_delete.c */; };
		CC386F701D92E694007AFD6E /* zip_dir_add.c in Sources */ = {isa = PBXBuildFile; fileRef = CC386F171D92E694007AFD6E /* zip_dir_add.c */; };
		CC386F711D92E694007AFD6E /* zip_dirent.c in Sources */ = {isa = PBXBuildFile; fileRef = CC386F181D92E694007AFD6E /* zip_dirent.c */; };
		CC386F721D92E694007AFD6E /* zip_discard.c in Sources */ = {isa = PBXBuildFile; fileRef = CC386F191D92E694007AFD6E /* zip_discard.c */; };
		CC386F731D92E694007AFD6E /* zip_entry.c in Sources */ = {isa = PBXBuildFile; fileRef = CC386F1A1D92E694007AFD6E /* zip_entry.c */; };
		CC386F741D92E694007AFD6E /* zip_err_str.c in Sources */ = {isa = PBXBuildFile; fileRef = CC386F1B1D92E694007AFD6E /* zip_err_str.c */; };
		CC386F751D92E694007AFD6E /* zip_error.c in Sources */ = {isa = PBXBuildFile; fileRef = CC386F1C1D92E694007AFD6E /* zip_error.c */; };
		CC386F761D92E694007AFD6E /* zip_error_clear.c in Sources */ = {isa = PBXBuildFile; fileRef = CC386F1D1D92E694007AFD6E /* zip_error_clear.c */; };
		CC386F771D92E694007AFD6E /* zip_error_get.c in Sources */ = {isa = PBXBuildFile; fileRef = CC386F1E1D92E694007AFD6E /* zip_error_get.c */; };
		CC386F781D92E694007AFD6E /* zip_error_get_sys_type.c in Sources */ = {isa = PBXBuildFile; fileRef = CC386F1F1D92E694007AFD6E /* zip_error_get_sys_type.c */; };
		CC386F791D92E694007AFD6E /* zip_error_strerror.c in Sources */ = {isa = PBXBuildFile; fileRef = CC386F201D92E694007AFD6E /* zip_error_strerror.c */; };
		CC386F7A1D92E694007AFD6E /* zip_error_to_str.c in Sources */ = {isa = PBXBuildFile; fileRef = CC386F211D92E694007AFD6E /* zip_error_to_str.c */; };
		CC386F7B1D92E694007AFD6E /* zip_extra_field.c in Sources */ = {isa = PBXBuildFile; fileRef = CC386F221D92E694007AFD6E /* zip_extra_field.c */; };
		CC386F7C1D92E694007AFD6E /* zip_extra_field_api.c in Sources */ = {isa = PBXBuildFile; fileRef = CC386F231D92E694007AFD6E /* zip_extra_field_api.c */; };
		CC386F7D1D92E694007AFD6E /* zip_fclose.c in Sources */ = {isa = PBXBuildFile; fileRef = CC386F241D92E694007AFD6E /* zip_fclose.c */; };
		CC386F7E1D92E694007AFD6E /* zip_fdopen.c in Sources */ = {isa = PBXBuildFile; fileRef = CC386F251D92E694007AFD6E /* zip_fdopen.c */; };
		CC386F7F1D92E694007AFD6E /* zip_file_add.c in Sources */ = {isa = PBXBuildFile; fileRef = CC386F261D92E694007AFD6E /* zip_file_add.c */; };
		CC386F801D92E694007AFD6E /* zip_file_error_clear.c in Sources */ = {isa = PBXBuildFile; fileRef = CC386F271D92E694007AFD6E /* zip_file_error_clear.c */; };
		CC386F811D92E694007AFD6E /* zip_file_error_get.c in Sources */ = {isa = PBXBuildFile; fileRef = CC386F281D92E694007AFD6E /* zip_file_error_get.c */; };
		CC386F821D92E694007AFD6E /* zip_file_get_comment.c in Sources */ = {isa = PBXBuildFile; fileRef = CC386F291D92E694007AFD6E /* zip_file_get_comment.c */; };
		CC386F831D92E694007AFD6E /* zip_file_get_external_attributes.c in Sources */ = {isa = PBXBuildFile; fileRef = CC386F2A1D92E694007AFD6E /* zip_file_get_external_attributes.c */; };
		CC386F841D92E694007AFD6E /* zip_file_get_offset.c in Sources */ = {isa = PBXBuildFile; fileRef = CC386F2B1D92E694007AFD6E /* zip_file_get_offset.c */; };
		CC386F851D92E694007AFD6E /* zip_file_rename.c in Sources */ = {isa = PBXBuildFile; fileRef = CC386F2C1D92E694007AFD6E /* zip_file_rename.c */; };
		CC386F861D92E694007AFD6E /* zip_file_replace.c in Sources */ = {isa = PBXBuildFile; fileRef = CC386F2D1D92E694007AFD6E /* zip_file_replace.c */; };
		CC386F871D92E694007AFD6E /* zip_file_set_comment.c in Sources */ = {isa = PBXBuildFile; fileRef = CC386F2E1D92E694007AFD6E /* zip_file_set_comment.c */; };
		CC386F881D92E694007AFD6E /* zip_file_set_external_attributes.c in Sources */ = {isa = PBXBuildFile; fileRef = CC386F2F1D92E694007AFD6E /* zip_file_set_external_attributes.c */; };
		CC386F891D92E694007AFD6E /* zip_file_strerror.c in Sources */ = {isa = PBXBuildFile; fileRef = CC386F301D92E694007AFD6E /* zip_file_strerror.c */; };
		CC386F8A1D92E694007AFD6E /* zip_filerange_crc.c in Sources */ = {isa = PBXBuildFile; fileRef = CC386F311D92E694007AFD6E /* zip_filerange_crc.c */; };
		CC386F8B1D92E694007AFD6E /* zip_fopen.c in Sources */ = {isa = PBXBuildFile; fileRef = CC386F321D92E694007AFD6E /* zip_fopen.c */; };
		CC386F8C1D92E694007AFD6E /* zip_fopen_encrypted.c in Sources */ = {isa = PBXBuildFile; fileRef = CC386F331D92E694007AFD6E /* zip_fopen_encrypted.c */; };
		CC386F8D1D92E694007AFD6E /* zip_fopen_index.c in Sources */ = {isa = PBXBuildFile; fileRef = CC386F341D92E694007AFD6E /* zip_fopen_index.c */; };
		CC386F8E1D92E694007AFD6E /* zip_fopen_index_encrypted.c in Sources */ = {isa = PBXBuildFile; fileRef = CC386F351D92E694007AFD6E /* zip_fopen_index_encrypted.c */; };
		CC386F8F1D92E694007AFD6E /* zip_fread.c in Sources */ = {isa = PBXBuildFile; fileRef = CC386F361D92E694007AFD6E /* zip_fread.c */; };
		CC386F901D92E694007AFD6E /* zip_get_archive_comment.c in Sources */ = {isa = PBXBuildFile; fileRef = CC386F371D92E694007AFD6E /* zip_get_archive_comment.c */; };
		CC386F911D92E694007AFD6E /* zip_get_archive_flag.c in Sources */ = {isa = PBXBuildFile; fileRef = CC386F381D92E694007AFD6E /* zip_get_archive_flag.c */; };
		CC386F921D92E694007AFD6E /* zip_get_compression_implementation.c in Sources */ = {isa = PBXBuildFile; fileRef = CC386F391D92E694007AFD6E /* zip_get_compression_implementation.c */; };
		CC386F931D92E694007AFD6E /* zip_get_encryption_implementation.c in Sources */ = {isa = PBXBuildFile; fileRef = CC386F3A1D92E694007AFD6E /* zip_get_encryption_implementation.c */; };
		CC386F941D92E694007AFD6E /* zip_get_file_comment.c in Sources */ = {isa = PBXBuildFile; fileRef = CC386F3B1D92E694007AFD6E /* zip_get_file_comment.c */; };
		CC386F951D92E694007AFD6E /* zip_get_name.c in Sources */ = {isa = PBXBuildFile; fileRef = CC386F3C1D92E694007AFD6E /* zip_get_name.c */; };
		CC386F961D92E694007AFD6E /* zip_get_num_entries.c in Sources */ = {isa = PBXBuildFile; fileRef = CC386F3D1D92E694007AFD6E /* zip_get_num_entries.c */; };
		CC386F971D92E694007AFD6E /* zip_get_num_files.c in Sources */ = {isa = PBXBuildFile; fileRef = CC386F3E1D92E694007AFD6E /* zip_get_num_files.c */; };
		CC386F981D92E694007AFD6E /* zip_memdup.c in Sources */ = {isa = PBXBuildFile; fileRef = CC386F3F1D92E694007AFD6E /* zip_memdup.c */; };
		CC386F991D92E694007AFD6E /* zip_name_locate.c in Sources */ = {isa = PBXBuildFile; fileRef = CC386F401D92E694007AFD6E /* zip_name_locate.c */; };
		CC386F9A1D92E694007AFD6E /* zip_new.c in Sources */ = {isa = PBXBuildFile; fileRef = CC386F411D92E694007AFD6E /* zip_new.c */; };
		CC386F9B1D92E694007AFD6E /* zip_open.c in Sources */ = {isa = PBXBuildFile; fileRef = CC386F421D92E694007AFD6E /* zip_open.c */; };
		CC386F9C1D92E694007AFD6E /* zip_rename.c in Sources */ = {isa = PBXBuildFile; fileRef = CC386F431D92E694007AFD6E /* zip_rename.c */; };
		CC386F9D1D92E694007AFD6E /* zip_replace.c in Sources */ = {isa = PBXBuildFile; fileRef = CC386F441D92E694007AFD6E /* zip_replace.c */; };
		CC386F9E1D92E694007AFD6E /* zip_set_archive_comment.c in Sources */ = {isa = PBXBuildFile; fileRef = CC386F451D92E694007AFD6E /* zip_set_archive_comment.c */; };
		CC386F9F1D92E694007AFD6E /* zip_set_archive_flag.c in Sources */ = {isa = PBXBuildFile; fileRef = CC386F461D92E694007AFD6E /* zip_set_archive_flag.c */; };
		CC386FA01D92E694007AFD6E /* zip_set_default_password.c in Sources */ = {isa = PBXBuildFile; fileRef = CC386F471D92E694007AFD6E /* zip_set_default_password.c */; };
		CC386FA11D92E694007AFD6E /* zip_set_file_comment.c in Sources */ = {isa = PBXBuildFile; fileRef = CC386F481D92E694007AFD6E /* zip_set_file_comment.c */; };
		CC386FA21D92E694007AFD6E /* zip_set_file_compression.c in Sources */ = {isa = PBXBuildFile; fileRef = CC386F491D92E694007AFD6E /* zip_set_file_compression.c */; };
		CC386FA31D92E694007AFD6E /* zip_set_name.c in Sources */ = {isa = PBXBuildFile; fileRef = CC386F4A1D92E694007AFD6E /* zip_set_name.c */; };
		CC386FA41D92E694007AFD6E /* zip_source_buffer.c in Sources */ = {isa = PBXBuildFile; fileRef = CC386F4B1D92E694007AFD6E /* zip_source_buffer.c */; };
		CC386FA51D92E694007AFD6E /* zip_source_close.c in Sources */ = {isa = PBXBuildFile; fileRef = CC386F4C1D92E694007AFD6E /* zip_source_close.c */; };
		CC386FA61D92E694007AFD6E /* zip_source_crc.c in Sources */ = {isa = PBXBuildFile; fileRef = CC386F4D1D92E694007AFD6E /* zip_source_crc.c */; };
		CC386FA71D92E694007AFD6E /* zip_source_deflate.c in Sources */ = {isa = PBXBuildFile; fileRef = CC386F4E1D92E694007AFD6E /* zip_source_deflate.c */; };
		CC386FA81D92E694007AFD6E /* zip_source_error.c in Sources */ = {isa = PBXBuildFile; fileRef = CC386F4F1D92E694007AFD6E /* zip_source_error.c */; };
		CC386FA91D92E694007AFD6E /* zip_source_file.c in Sources */ = {isa = PBXBuildFile; fileRef = CC386F501D92E694007AFD6E /* zip_source_file.c */; };
		CC386FAA1D92E694007AFD6E /* zip_source_filep.c in Sources */ = {isa = PBXBuildFile; fileRef = CC386F511D92E694007AFD6E /* zip_source_filep.c */; };
		CC386FAB1D92E694007AFD6E /* zip_source_free.c in Sources */ = {isa = PBXBuildFile; fileRef = CC386F521D92E694007AFD6E /* zip_source_free.c */; };
		CC386FAC1D92E694007AFD6E /* zip_source_function.c in Sources */ = {isa = PBXBuildFile; fileRef = CC386F531D92E694007AFD6E /* zip_source_function.c */; };
		CC386FAD1D92E694007AFD6E /* zip_source_layered.c in Sources */ = {isa = PBXBuildFile; fileRef = CC386F541D92E694007AFD6E /* zip_source_layered.c */; };
		CC386FAE1D92E694007AFD6E /* zip_source_open.c in Sources */ = {isa = PBXBuildFile; fileRef = CC386F551D92E694007AFD6E /* zip_source_open.c */; };
		CC386FAF1D92E694007AFD6E /* zip_source_pkware.c in Sources */ = {isa = PBXBuildFile; fileRef = CC386F561D92E694007AFD6E /* zip_source_pkware.c */; };
		CC386FB01D92E694007AFD6E /* zip_source_pop.c in Sources */ = {isa = PBXBuildFile; fileRef = CC386F571D92E694007AFD6E /* zip_source_pop.c */; };
		CC386FB11D92E694007AFD6E /* zip_source_read.c in Sources */ = {isa = PBXBuildFile; fileRef = CC386F581D92E694007AFD6E /* zip_source_read.c */; };
		CC386FB21D92E694007AFD6E /* zip_source_stat.c in Sources */ = {isa = PBXBuildFile; fileRef = CC386F591D92E694007AFD6E /* zip_source_stat.c */; };
		CC386FB31D92E694007AFD6E /* zip_source_window.c in Sources */ = {isa = PBXBuildFile; fileRef = CC386F5A1D92E694007AFD6E /* zip_source_window.c */; };
		CC386FB41D92E694007AFD6E /* zip_source_zip.c in Sources */ = {isa = PBXBuildFile; fileRef = CC386F5B1D92E694007AFD6E /* zip_source_zip.c */; };
		CC386FB51D92E694007AFD6E /* zip_source_zip_new.c in Sources */ = {isa = PBXBuildFile; fileRef = CC386F5C1D92E694007AFD6E /* zip_source_zip_new.c */; };
		CC386FB61D92E694007AFD6E /* zip_stat.c in Sources */ = {isa = PBXBuildFile; fileRef = CC386F5D1D92E694007AFD6E /* zip_stat.c */; };
		CC386FB71D92E694007AFD6E /* zip_stat_index.c in Sources */ = {isa = PBXBuildFile; fileRef = CC386F5E1D92E694007AFD6E /* zip_stat_index.c */; };
		CC386FB81D92E694007AFD6E /* zip_stat_init.c in Sources */ = {isa = PBXBuildFile; fileRef = CC386F5F1D92E694007AFD6E /* zip_stat_init.c */; };
		CC386FB91D92E694007AFD6E /* zip_strerror.c in Sources */ = {isa = PBXBuildFile; fileRef = CC386F601D92E694007AFD6E /* zip_strerror.c */; };
		CC386FBA1D92E694007AFD6E /* zip_string.c in Sources */ = {isa = PBXBuildFile; fileRef = CC386F611D92E694007AFD6E /* zip_string.c */; };
		CC386FBB1D92E694007AFD6E /* zip_unchange.c in Sources */ = {isa = PBXBuildFile; fileRef = CC386F621D92E694007AFD6E /* zip_unchange.c */; };
		CC386FBC1D92E694007AFD6E /* zip_unchange_all.c in Sources */ = {isa = PBXBuildFile; fileRef = CC386F631D92E694007AFD6E /* zip_unchange_all.c */; };
		CC386FBD1D92E694007AFD6E /* zip_unchange_archive.c in Sources */ = {isa = PBXBuildFile; fileRef = CC386F641D92E694007AFD6E /* zip_unchange_archive.c */; };
		CC386FBE1D92E694007AFD6E /* zip_unchange_data.c in Sources */ = {isa = PBXBuildFile; fileRef = CC386F651D92E694007AFD6E /* zip_unchange_data.c */; };
		CC386FBF1D92E694007AFD6E /* zip_utf-8.c in Sources */ = {isa = PBXBuildFile; fileRef = CC386F661D92E694007AFD6E /* zip_utf-8.c */; };
		CC386FC01D92E694007AFD6E /* zipconf.h in Headers */ = {isa = PBXBuildFile; fileRef = CC386F671D92E694007AFD6E /* zipconf.h */; };
		CC386FC11D92E694007AFD6E /* zipint.h in Headers */ = {isa = PBXBuildFile; fileRef = CC386F681D92E694007AFD6E /* zipint.h */; };
		CC386FC71D92E6A9007AFD6E /* fmemopen.c in Sources */ = {isa = PBXBuildFile; fileRef = CC386FC31D92E6A9007AFD6E /* fmemopen.c */; };
		CC386FC81D92E6A9007AFD6E /* fmemopen.h in Headers */ = {isa = PBXBuildFile; fileRef = CC386FC41D92E6A9007AFD6E /* fmemopen.h */; };
		CC386FC91D92E6A9007AFD6E /* README.md in Sources */ = {isa = PBXBuildFile; fileRef = CC386FC61D92E6A9007AFD6E /* README.md */; };
		CC386FCB1D92E6D3007AFD6E /* ZUnzip.swift in Sources */ = {isa = PBXBuildFile; fileRef = CC386FCA1D92E6D3007AFD6E /* ZUnzip.swift */; };
		CC386FCE1D92E791007AFD6E /* libz.tbd in Frameworks */ = {isa = PBXBuildFile; fileRef = CC386FCD1D92E791007AFD6E /* libz.tbd */; };
		CC386FD01D92E905007AFD6E /* fmemopen.zip in Resources */ = {isa = PBXBuildFile; fileRef = CC386FCF1D92E905007AFD6E /* fmemopen.zip */; };
		CC386FD41D92F1AB007AFD6E /* fmemopen.c.dat in Resources */ = {isa = PBXBuildFile; fileRef = CC386FD11D92F1AB007AFD6E /* fmemopen.c.dat */; };
		CC386FD51D92F1AB007AFD6E /* module.modulemap.dat in Resources */ = {isa = PBXBuildFile; fileRef = CC386FD21D92F1AB007AFD6E /* module.modulemap.dat */; };
		CC386FD61D92F1AB007AFD6E /* README.md.dat in Resources */ = {isa = PBXBuildFile; fileRef = CC386FD31D92F1AB007AFD6E /* README.md.dat */; };
		CC386FD81D92F1C0007AFD6E /* fmemopen.h.dat in Resources */ = {isa = PBXBuildFile; fileRef = CC386FD71D92F1C0007AFD6E /* fmemopen.h.dat */; };
/* End PBXBuildFile section */

/* Begin PBXContainerItemProxy section */
		CC386F011D92E657007AFD6E /* PBXContainerItemProxy */ = {
			isa = PBXContainerItemProxy;
			containerPortal = CC386EEB1D92E623007AFD6E /* Project object */;
			proxyType = 1;
			remoteGlobalIDString = CC386EF51D92E657007AFD6E;
			remoteInfo = ZUnzip;
		};
/* End PBXContainerItemProxy section */

/* Begin PBXFileReference section */
		CC386EF61D92E657007AFD6E /* ZUnzip.framework */ = {isa = PBXFileReference; explicitFileType = wrapper.framework; includeInIndex = 0; path = ZUnzip.framework; sourceTree = BUILT_PRODUCTS_DIR; };
		CC386EF91D92E657007AFD6E /* ZUnzip.h */ = {isa = PBXFileReference; lastKnownFileType = sourcecode.c.h; path = ZUnzip.h; sourceTree = "<group>"; };
		CC386EFA1D92E657007AFD6E /* Info.plist */ = {isa = PBXFileReference; lastKnownFileType = text.plist.xml; path = Info.plist; sourceTree = "<group>"; };
		CC386EFF1D92E657007AFD6E /* ZUnzipTests.xctest */ = {isa = PBXFileReference; explicitFileType = wrapper.cfbundle; includeInIndex = 0; path = ZUnzipTests.xctest; sourceTree = BUILT_PRODUCTS_DIR; };
		CC386F041D92E657007AFD6E /* ZUnzipTests.swift */ = {isa = PBXFileReference; lastKnownFileType = sourcecode.swift; path = ZUnzipTests.swift; sourceTree = "<group>"; };
		CC386F061D92E657007AFD6E /* Info.plist */ = {isa = PBXFileReference; lastKnownFileType = text.plist.xml; path = Info.plist; sourceTree = "<group>"; };
		CC386F0F1D92E694007AFD6E /* config.h */ = {isa = PBXFileReference; fileEncoding = 4; lastKnownFileType = sourcecode.c.h; path = config.h; sourceTree = "<group>"; };
		CC386F101D92E694007AFD6E /* module.modulemap */ = {isa = PBXFileReference; fileEncoding = 4; lastKnownFileType = "sourcecode.module-map"; path = module.modulemap; sourceTree = "<group>"; };
		CC386F111D92E694007AFD6E /* zip.h */ = {isa = PBXFileReference; fileEncoding = 4; lastKnownFileType = sourcecode.c.h; path = zip.h; sourceTree = "<group>"; };
		CC386F121D92E694007AFD6E /* zip_add.c */ = {isa = PBXFileReference; fileEncoding = 4; lastKnownFileType = sourcecode.c.c; path = zip_add.c; sourceTree = "<group>"; };
		CC386F131D92E694007AFD6E /* zip_add_dir.c */ = {isa = PBXFileReference; fileEncoding = 4; lastKnownFileType = sourcecode.c.c; path = zip_add_dir.c; sourceTree = "<group>"; };
		CC386F141D92E694007AFD6E /* zip_add_entry.c */ = {isa = PBXFileReference; fileEncoding = 4; lastKnownFileType = sourcecode.c.c; path = zip_add_entry.c; sourceTree = "<group>"; };
		CC386F151D92E694007AFD6E /* zip_close.c */ = {isa = PBXFileReference; fileEncoding = 4; lastKnownFileType = sourcecode.c.c; path = zip_close.c; sourceTree = "<group>"; };
		CC386F161D92E694007AFD6E /* zip_delete.c */ = {isa = PBXFileReference; fileEncoding = 4; lastKnownFileType = sourcecode.c.c; path = zip_delete.c; sourceTree = "<group>"; };
		CC386F171D92E694007AFD6E /* zip_dir_add.c */ = {isa = PBXFileReference; fileEncoding = 4; lastKnownFileType = sourcecode.c.c; path = zip_dir_add.c; sourceTree = "<group>"; };
		CC386F181D92E694007AFD6E /* zip_dirent.c */ = {isa = PBXFileReference; fileEncoding = 4; lastKnownFileType = sourcecode.c.c; path = zip_dirent.c; sourceTree = "<group>"; };
		CC386F191D92E694007AFD6E /* zip_discard.c */ = {isa = PBXFileReference; fileEncoding = 4; lastKnownFileType = sourcecode.c.c; path = zip_discard.c; sourceTree = "<group>"; };
		CC386F1A1D92E694007AFD6E /* zip_entry.c */ = {isa = PBXFileReference; fileEncoding = 4; lastKnownFileType = sourcecode.c.c; path = zip_entry.c; sourceTree = "<group>"; };
		CC386F1B1D92E694007AFD6E /* zip_err_str.c */ = {isa = PBXFileReference; fileEncoding = 4; lastKnownFileType = sourcecode.c.c; path = zip_err_str.c; sourceTree = "<group>"; };
		CC386F1C1D92E694007AFD6E /* zip_error.c */ = {isa = PBXFileReference; fileEncoding = 4; lastKnownFileType = sourcecode.c.c; path = zip_error.c; sourceTree = "<group>"; };
		CC386F1D1D92E694007AFD6E /* zip_error_clear.c */ = {isa = PBXFileReference; fileEncoding = 4; lastKnownFileType = sourcecode.c.c; path = zip_error_clear.c; sourceTree = "<group>"; };
		CC386F1E1D92E694007AFD6E /* zip_error_get.c */ = {isa = PBXFileReference; fileEncoding = 4; lastKnownFileType = sourcecode.c.c; path = zip_error_get.c; sourceTree = "<group>"; };
		CC386F1F1D92E694007AFD6E /* zip_error_get_sys_type.c */ = {isa = PBXFileReference; fileEncoding = 4; lastKnownFileType = sourcecode.c.c; path = zip_error_get_sys_type.c; sourceTree = "<group>"; };
		CC386F201D92E694007AFD6E /* zip_error_strerror.c */ = {isa = PBXFileReference; fileEncoding = 4; lastKnownFileType = sourcecode.c.c; path = zip_error_strerror.c; sourceTree = "<group>"; };
		CC386F211D92E694007AFD6E /* zip_error_to_str.c */ = {isa = PBXFileReference; fileEncoding = 4; lastKnownFileType = sourcecode.c.c; path = zip_error_to_str.c; sourceTree = "<group>"; };
		CC386F221D92E694007AFD6E /* zip_extra_field.c */ = {isa = PBXFileReference; fileEncoding = 4; lastKnownFileType = sourcecode.c.c; path = zip_extra_field.c; sourceTree = "<group>"; };
		CC386F231D92E694007AFD6E /* zip_extra_field_api.c */ = {isa = PBXFileReference; fileEncoding = 4; lastKnownFileType = sourcecode.c.c; path = zip_extra_field_api.c; sourceTree = "<group>"; };
		CC386F241D92E694007AFD6E /* zip_fclose.c */ = {isa = PBXFileReference; fileEncoding = 4; lastKnownFileType = sourcecode.c.c; path = zip_fclose.c; sourceTree = "<group>"; };
		CC386F251D92E694007AFD6E /* zip_fdopen.c */ = {isa = PBXFileReference; fileEncoding = 4; lastKnownFileType = sourcecode.c.c; path = zip_fdopen.c; sourceTree = "<group>"; };
		CC386F261D92E694007AFD6E /* zip_file_add.c */ = {isa = PBXFileReference; fileEncoding = 4; lastKnownFileType = sourcecode.c.c; path = zip_file_add.c; sourceTree = "<group>"; };
		CC386F271D92E694007AFD6E /* zip_file_error_clear.c */ = {isa = PBXFileReference; fileEncoding = 4; lastKnownFileType = sourcecode.c.c; path = zip_file_error_clear.c; sourceTree = "<group>"; };
		CC386F281D92E694007AFD6E /* zip_file_error_get.c */ = {isa = PBXFileReference; fileEncoding = 4; lastKnownFileType = sourcecode.c.c; path = zip_file_error_get.c; sourceTree = "<group>"; };
		CC386F291D92E694007AFD6E /* zip_file_get_comment.c */ = {isa = PBXFileReference; fileEncoding = 4; lastKnownFileType = sourcecode.c.c; path = zip_file_get_comment.c; sourceTree = "<group>"; };
		CC386F2A1D92E694007AFD6E /* zip_file_get_external_attributes.c */ = {isa = PBXFileReference; fileEncoding = 4; lastKnownFileType = sourcecode.c.c; path = zip_file_get_external_attributes.c; sourceTree = "<group>"; };
		CC386F2B1D92E694007AFD6E /* zip_file_get_offset.c */ = {isa = PBXFileReference; fileEncoding = 4; lastKnownFileType = sourcecode.c.c; path = zip_file_get_offset.c; sourceTree = "<group>"; };
		CC386F2C1D92E694007AFD6E /* zip_file_rename.c */ = {isa = PBXFileReference; fileEncoding = 4; lastKnownFileType = sourcecode.c.c; path = zip_file_rename.c; sourceTree = "<group>"; };
		CC386F2D1D92E694007AFD6E /* zip_file_replace.c */ = {isa = PBXFileReference; fileEncoding = 4; lastKnownFileType = sourcecode.c.c; path = zip_file_replace.c; sourceTree = "<group>"; };
		CC386F2E1D92E694007AFD6E /* zip_file_set_comment.c */ = {isa = PBXFileReference; fileEncoding = 4; lastKnownFileType = sourcecode.c.c; path = zip_file_set_comment.c; sourceTree = "<group>"; };
		CC386F2F1D92E694007AFD6E /* zip_file_set_external_attributes.c */ = {isa = PBXFileReference; fileEncoding = 4; lastKnownFileType = sourcecode.c.c; path = zip_file_set_external_attributes.c; sourceTree = "<group>"; };
		CC386F301D92E694007AFD6E /* zip_file_strerror.c */ = {isa = PBXFileReference; fileEncoding = 4; lastKnownFileType = sourcecode.c.c; path = zip_file_strerror.c; sourceTree = "<group>"; };
		CC386F311D92E694007AFD6E /* zip_filerange_crc.c */ = {isa = PBXFileReference; fileEncoding = 4; lastKnownFileType = sourcecode.c.c; path = zip_filerange_crc.c; sourceTree = "<group>"; };
		CC386F321D92E694007AFD6E /* zip_fopen.c */ = {isa = PBXFileReference; fileEncoding = 4; lastKnownFileType = sourcecode.c.c; path = zip_fopen.c; sourceTree = "<group>"; };
		CC386F331D92E694007AFD6E /* zip_fopen_encrypted.c */ = {isa = PBXFileReference; fileEncoding = 4; lastKnownFileType = sourcecode.c.c; path = zip_fopen_encrypted.c; sourceTree = "<group>"; };
		CC386F341D92E694007AFD6E /* zip_fopen_index.c */ = {isa = PBXFileReference; fileEncoding = 4; lastKnownFileType = sourcecode.c.c; path = zip_fopen_index.c; sourceTree = "<group>"; };
		CC386F351D92E694007AFD6E /* zip_fopen_index_encrypted.c */ = {isa = PBXFileReference; fileEncoding = 4; lastKnownFileType = sourcecode.c.c; path = zip_fopen_index_encrypted.c; sourceTree = "<group>"; };
		CC386F361D92E694007AFD6E /* zip_fread.c */ = {isa = PBXFileReference; fileEncoding = 4; lastKnownFileType = sourcecode.c.c; path = zip_fread.c; sourceTree = "<group>"; };
		CC386F371D92E694007AFD6E /* zip_get_archive_comment.c */ = {isa = PBXFileReference; fileEncoding = 4; lastKnownFileType = sourcecode.c.c; path = zip_get_archive_comment.c; sourceTree = "<group>"; };
		CC386F381D92E694007AFD6E /* zip_get_archive_flag.c */ = {isa = PBXFileReference; fileEncoding = 4; lastKnownFileType = sourcecode.c.c; path = zip_get_archive_flag.c; sourceTree = "<group>"; };
		CC386F391D92E694007AFD6E /* zip_get_compression_implementation.c */ = {isa = PBXFileReference; fileEncoding = 4; lastKnownFileType = sourcecode.c.c; path = zip_get_compression_implementation.c; sourceTree = "<group>"; };
		CC386F3A1D92E694007AFD6E /* zip_get_encryption_implementation.c */ = {isa = PBXFileReference; fileEncoding = 4; lastKnownFileType = sourcecode.c.c; path = zip_get_encryption_implementation.c; sourceTree = "<group>"; };
		CC386F3B1D92E694007AFD6E /* zip_get_file_comment.c */ = {isa = PBXFileReference; fileEncoding = 4; lastKnownFileType = sourcecode.c.c; path = zip_get_file_comment.c; sourceTree = "<group>"; };
		CC386F3C1D92E694007AFD6E /* zip_get_name.c */ = {isa = PBXFileReference; fileEncoding = 4; lastKnownFileType = sourcecode.c.c; path = zip_get_name.c; sourceTree = "<group>"; };
		CC386F3D1D92E694007AFD6E /* zip_get_num_entries.c */ = {isa = PBXFileReference; fileEncoding = 4; lastKnownFileType = sourcecode.c.c; path = zip_get_num_entries.c; sourceTree = "<group>"; };
		CC386F3E1D92E694007AFD6E /* zip_get_num_files.c */ = {isa = PBXFileReference; fileEncoding = 4; lastKnownFileType = sourcecode.c.c; path = zip_get_num_files.c; sourceTree = "<group>"; };
		CC386F3F1D92E694007AFD6E /* zip_memdup.c */ = {isa = PBXFileReference; fileEncoding = 4; lastKnownFileType = sourcecode.c.c; path = zip_memdup.c; sourceTree = "<group>"; };
		CC386F401D92E694007AFD6E /* zip_name_locate.c */ = {isa = PBXFileReference; fileEncoding = 4; lastKnownFileType = sourcecode.c.c; path = zip_name_locate.c; sourceTree = "<group>"; };
		CC386F411D92E694007AFD6E /* zip_new.c */ = {isa = PBXFileReference; fileEncoding = 4; lastKnownFileType = sourcecode.c.c; path = zip_new.c; sourceTree = "<group>"; };
		CC386F421D92E694007AFD6E /* zip_open.c */ = {isa = PBXFileReference; fileEncoding = 4; lastKnownFileType = sourcecode.c.c; path = zip_open.c; sourceTree = "<group>"; };
		CC386F431D92E694007AFD6E /* zip_rename.c */ = {isa = PBXFileReference; fileEncoding = 4; lastKnownFileType = sourcecode.c.c; path = zip_rename.c; sourceTree = "<group>"; };
		CC386F441D92E694007AFD6E /* zip_replace.c */ = {isa = PBXFileReference; fileEncoding = 4; lastKnownFileType = sourcecode.c.c; path = zip_replace.c; sourceTree = "<group>"; };
		CC386F451D92E694007AFD6E /* zip_set_archive_comment.c */ = {isa = PBXFileReference; fileEncoding = 4; lastKnownFileType = sourcecode.c.c; path = zip_set_archive_comment.c; sourceTree = "<group>"; };
		CC386F461D92E694007AFD6E /* zip_set_archive_flag.c */ = {isa = PBXFileReference; fileEncoding = 4; lastKnownFileType = sourcecode.c.c; path = zip_set_archive_flag.c; sourceTree = "<group>"; };
		CC386F471D92E694007AFD6E /* zip_set_default_password.c */ = {isa = PBXFileReference; fileEncoding = 4; lastKnownFileType = sourcecode.c.c; path = zip_set_default_password.c; sourceTree = "<group>"; };
		CC386F481D92E694007AFD6E /* zip_set_file_comment.c */ = {isa = PBXFileReference; fileEncoding = 4; lastKnownFileType = sourcecode.c.c; path = zip_set_file_comment.c; sourceTree = "<group>"; };
		CC386F491D92E694007AFD6E /* zip_set_file_compression.c */ = {isa = PBXFileReference; fileEncoding = 4; lastKnownFileType = sourcecode.c.c; path = zip_set_file_compression.c; sourceTree = "<group>"; };
		CC386F4A1D92E694007AFD6E /* zip_set_name.c */ = {isa = PBXFileReference; fileEncoding = 4; lastKnownFileType = sourcecode.c.c; path = zip_set_name.c; sourceTree = "<group>"; };
		CC386F4B1D92E694007AFD6E /* zip_source_buffer.c */ = {isa = PBXFileReference; fileEncoding = 4; lastKnownFileType = sourcecode.c.c; path = zip_source_buffer.c; sourceTree = "<group>"; };
		CC386F4C1D92E694007AFD6E /* zip_source_close.c */ = {isa = PBXFileReference; fileEncoding = 4; lastKnownFileType = sourcecode.c.c; path = zip_source_close.c; sourceTree = "<group>"; };
		CC386F4D1D92E694007AFD6E /* zip_source_crc.c */ = {isa = PBXFileReference; fileEncoding = 4; lastKnownFileType = sourcecode.c.c; path = zip_source_crc.c; sourceTree = "<group>"; };
		CC386F4E1D92E694007AFD6E /* zip_source_deflate.c */ = {isa = PBXFileReference; fileEncoding = 4; lastKnownFileType = sourcecode.c.c; path = zip_source_deflate.c; sourceTree = "<group>"; };
		CC386F4F1D92E694007AFD6E /* zip_source_error.c */ = {isa = PBXFileReference; fileEncoding = 4; lastKnownFileType = sourcecode.c.c; path = zip_source_error.c; sourceTree = "<group>"; };
		CC386F501D92E694007AFD6E /* zip_source_file.c */ = {isa = PBXFileReference; fileEncoding = 4; lastKnownFileType = sourcecode.c.c; path = zip_source_file.c; sourceTree = "<group>"; };
		CC386F511D92E694007AFD6E /* zip_source_filep.c */ = {isa = PBXFileReference; fileEncoding = 4; lastKnownFileType = sourcecode.c.c; path = zip_source_filep.c; sourceTree = "<group>"; };
		CC386F521D92E694007AFD6E /* zip_source_free.c */ = {isa = PBXFileReference; fileEncoding = 4; lastKnownFileType = sourcecode.c.c; path = zip_source_free.c; sourceTree = "<group>"; };
		CC386F531D92E694007AFD6E /* zip_source_function.c */ = {isa = PBXFileReference; fileEncoding = 4; lastKnownFileType = sourcecode.c.c; path = zip_source_function.c; sourceTree = "<group>"; };
		CC386F541D92E694007AFD6E /* zip_source_layered.c */ = {isa = PBXFileReference; fileEncoding = 4; lastKnownFileType = sourcecode.c.c; path = zip_source_layered.c; sourceTree = "<group>"; };
		CC386F551D92E694007AFD6E /* zip_source_open.c */ = {isa = PBXFileReference; fileEncoding = 4; lastKnownFileType = sourcecode.c.c; path = zip_source_open.c; sourceTree = "<group>"; };
		CC386F561D92E694007AFD6E /* zip_source_pkware.c */ = {isa = PBXFileReference; fileEncoding = 4; lastKnownFileType = sourcecode.c.c; path = zip_source_pkware.c; sourceTree = "<group>"; };
		CC386F571D92E694007AFD6E /* zip_source_pop.c */ = {isa = PBXFileReference; fileEncoding = 4; lastKnownFileType = sourcecode.c.c; path = zip_source_pop.c; sourceTree = "<group>"; };
		CC386F581D92E694007AFD6E /* zip_source_read.c */ = {isa = PBXFileReference; fileEncoding = 4; lastKnownFileType = sourcecode.c.c; path = zip_source_read.c; sourceTree = "<group>"; };
		CC386F591D92E694007AFD6E /* zip_source_stat.c */ = {isa = PBXFileReference; fileEncoding = 4; lastKnownFileType = sourcecode.c.c; path = zip_source_stat.c; sourceTree = "<group>"; };
		CC386F5A1D92E694007AFD6E /* zip_source_window.c */ = {isa = PBXFileReference; fileEncoding = 4; lastKnownFileType = sourcecode.c.c; path = zip_source_window.c; sourceTree = "<group>"; };
		CC386F5B1D92E694007AFD6E /* zip_source_zip.c */ = {isa = PBXFileReference; fileEncoding = 4; lastKnownFileType = sourcecode.c.c; path = zip_source_zip.c; sourceTree = "<group>"; };
		CC386F5C1D92E694007AFD6E /* zip_source_zip_new.c */ = {isa = PBXFileReference; fileEncoding = 4; lastKnownFileType = sourcecode.c.c; path = zip_source_zip_new.c; sourceTree = "<group>"; };
		CC386F5D1D92E694007AFD6E /* zip_stat.c */ = {isa = PBXFileReference; fileEncoding = 4; lastKnownFileType = sourcecode.c.c; path = zip_stat.c; sourceTree = "<group>"; };
		CC386F5E1D92E694007AFD6E /* zip_stat_index.c */ = {isa = PBXFileReference; fileEncoding = 4; lastKnownFileType = sourcecode.c.c; path = zip_stat_index.c; sourceTree = "<group>"; };
		CC386F5F1D92E694007AFD6E /* zip_stat_init.c */ = {isa = PBXFileReference; fileEncoding = 4; lastKnownFileType = sourcecode.c.c; path = zip_stat_init.c; sourceTree = "<group>"; };
		CC386F601D92E694007AFD6E /* zip_strerror.c */ = {isa = PBXFileReference; fileEncoding = 4; lastKnownFileType = sourcecode.c.c; path = zip_strerror.c; sourceTree = "<group>"; };
		CC386F611D92E694007AFD6E /* zip_string.c */ = {isa = PBXFileReference; fileEncoding = 4; lastKnownFileType = sourcecode.c.c; path = zip_string.c; sourceTree = "<group>"; };
		CC386F621D92E694007AFD6E /* zip_unchange.c */ = {isa = PBXFileReference; fileEncoding = 4; lastKnownFileType = sourcecode.c.c; path = zip_unchange.c; sourceTree = "<group>"; };
		CC386F631D92E694007AFD6E /* zip_unchange_all.c */ = {isa = PBXFileReference; fileEncoding = 4; lastKnownFileType = sourcecode.c.c; path = zip_unchange_all.c; sourceTree = "<group>"; };
		CC386F641D92E694007AFD6E /* zip_unchange_archive.c */ = {isa = PBXFileReference; fileEncoding = 4; lastKnownFileType = sourcecode.c.c; path = zip_unchange_archive.c; sourceTree = "<group>"; };
		CC386F651D92E694007AFD6E /* zip_unchange_data.c */ = {isa = PBXFileReference; fileEncoding = 4; lastKnownFileType = sourcecode.c.c; path = zip_unchange_data.c; sourceTree = "<group>"; };
		CC386F661D92E694007AFD6E /* zip_utf-8.c */ = {isa = PBXFileReference; fileEncoding = 4; lastKnownFileType = sourcecode.c.c; path = "zip_utf-8.c"; sourceTree = "<group>"; };
		CC386F671D92E694007AFD6E /* zipconf.h */ = {isa = PBXFileReference; fileEncoding = 4; lastKnownFileType = sourcecode.c.h; path = zipconf.h; sourceTree = "<group>"; };
		CC386F681D92E694007AFD6E /* zipint.h */ = {isa = PBXFileReference; fileEncoding = 4; lastKnownFileType = sourcecode.c.h; path = zipint.h; sourceTree = "<group>"; };
		CC386FC31D92E6A9007AFD6E /* fmemopen.c */ = {isa = PBXFileReference; fileEncoding = 4; lastKnownFileType = sourcecode.c.c; path = fmemopen.c; sourceTree = "<group>"; };
		CC386FC41D92E6A9007AFD6E /* fmemopen.h */ = {isa = PBXFileReference; fileEncoding = 4; lastKnownFileType = sourcecode.c.h; path = fmemopen.h; sourceTree = "<group>"; };
		CC386FC51D92E6A9007AFD6E /* module.modulemap */ = {isa = PBXFileReference; fileEncoding = 4; lastKnownFileType = "sourcecode.module-map"; path = module.modulemap; sourceTree = "<group>"; };
		CC386FC61D92E6A9007AFD6E /* README.md */ = {isa = PBXFileReference; fileEncoding = 4; lastKnownFileType = net.daringfireball.markdown; path = README.md; sourceTree = "<group>"; };
		CC386FCA1D92E6D3007AFD6E /* ZUnzip.swift */ = {isa = PBXFileReference; fileEncoding = 4; lastKnownFileType = sourcecode.swift; path = ZUnzip.swift; sourceTree = "<group>"; };
		CC386FCD1D92E791007AFD6E /* libz.tbd */ = {isa = PBXFileReference; lastKnownFileType = "sourcecode.text-based-dylib-definition"; name = libz.tbd; path = Platforms/iPhoneOS.platform/Developer/SDKs/iPhoneOS10.0.sdk/usr/lib/libz.tbd; sourceTree = DEVELOPER_DIR; };
		CC386FCF1D92E905007AFD6E /* fmemopen.zip */ = {isa = PBXFileReference; lastKnownFileType = archive.zip; path = fmemopen.zip; sourceTree = "<group>"; };
		CC386FD11D92F1AB007AFD6E /* fmemopen.c.dat */ = {isa = PBXFileReference; fileEncoding = 4; lastKnownFileType = text; path = fmemopen.c.dat; sourceTree = "<group>"; };
		CC386FD21D92F1AB007AFD6E /* module.modulemap.dat */ = {isa = PBXFileReference; fileEncoding = 4; lastKnownFileType = text; path = module.modulemap.dat; sourceTree = "<group>"; };
		CC386FD31D92F1AB007AFD6E /* README.md.dat */ = {isa = PBXFileReference; fileEncoding = 4; lastKnownFileType = text; path = README.md.dat; sourceTree = "<group>"; };
		CC386FD71D92F1C0007AFD6E /* fmemopen.h.dat */ = {isa = PBXFileReference; fileEncoding = 4; lastKnownFileType = text; path = fmemopen.h.dat; sourceTree = "<group>"; };
/* End PBXFileReference section */

/* Begin PBXFrameworksBuildPhase section */
		CC386EF21D92E657007AFD6E /* Frameworks */ = {
			isa = PBXFrameworksBuildPhase;
			buildActionMask = 2147483647;
			files = (
				CC386FCE1D92E791007AFD6E /* libz.tbd in Frameworks */,
			);
			runOnlyForDeploymentPostprocessing = 0;
		};
		CC386EFC1D92E657007AFD6E /* Frameworks */ = {
			isa = PBXFrameworksBuildPhase;
			buildActionMask = 2147483647;
			files = (
				CC386F001D92E657007AFD6E /* ZUnzip.framework in Frameworks */,
			);
			runOnlyForDeploymentPostprocessing = 0;
		};
/* End PBXFrameworksBuildPhase section */

/* Begin PBXGroup section */
		CC386EEA1D92E623007AFD6E = {
			isa = PBXGroup;
			children = (
				CC386EF81D92E657007AFD6E /* ZUnzip */,
				CC386F031D92E657007AFD6E /* ZUnzipTests */,
				CC386EF71D92E657007AFD6E /* Products */,
				CC386FCC1D92E791007AFD6E /* Frameworks */,
			);
			sourceTree = "<group>";
		};
		CC386EF71D92E657007AFD6E /* Products */ = {
			isa = PBXGroup;
			children = (
				CC386EF61D92E657007AFD6E /* ZUnzip.framework */,
				CC386EFF1D92E657007AFD6E /* ZUnzipTests.xctest */,
			);
			name = Products;
			sourceTree = "<group>";
		};
		CC386EF81D92E657007AFD6E /* ZUnzip */ = {
			isa = PBXGroup;
			children = (
				CC386FCA1D92E6D3007AFD6E /* ZUnzip.swift */,
				CC386FC21D92E6A9007AFD6E /* fmemopen */,
				CC386F0E1D92E694007AFD6E /* libzip */,
				CC386EF91D92E657007AFD6E /* ZUnzip.h */,
				CC386EFA1D92E657007AFD6E /* Info.plist */,
			);
			path = ZUnzip;
			sourceTree = "<group>";
		};
		CC386F031D92E657007AFD6E /* ZUnzipTests */ = {
			isa = PBXGroup;
			children = (
				CC386FD11D92F1AB007AFD6E /* fmemopen.c.dat */,
				CC386FD71D92F1C0007AFD6E /* fmemopen.h.dat */,
				CC386FCF1D92E905007AFD6E /* fmemopen.zip */,
				CC386F061D92E657007AFD6E /* Info.plist */,
				CC386FD21D92F1AB007AFD6E /* module.modulemap.dat */,
				CC386FD31D92F1AB007AFD6E /* README.md.dat */,
				CC386F041D92E657007AFD6E /* ZUnzipTests.swift */,
			);
			path = ZUnzipTests;
			sourceTree = "<group>";
		};
		CC386F0E1D92E694007AFD6E /* libzip */ = {
			isa = PBXGroup;
			children = (
				CC386F0F1D92E694007AFD6E /* config.h */,
				CC386F101D92E694007AFD6E /* module.modulemap */,
				CC386F111D92E694007AFD6E /* zip.h */,
				CC386F121D92E694007AFD6E /* zip_add.c */,
				CC386F131D92E694007AFD6E /* zip_add_dir.c */,
				CC386F141D92E694007AFD6E /* zip_add_entry.c */,
				CC386F151D92E694007AFD6E /* zip_close.c */,
				CC386F161D92E694007AFD6E /* zip_delete.c */,
				CC386F171D92E694007AFD6E /* zip_dir_add.c */,
				CC386F181D92E694007AFD6E /* zip_dirent.c */,
				CC386F191D92E694007AFD6E /* zip_discard.c */,
				CC386F1A1D92E694007AFD6E /* zip_entry.c */,
				CC386F1B1D92E694007AFD6E /* zip_err_str.c */,
				CC386F1C1D92E694007AFD6E /* zip_error.c */,
				CC386F1D1D92E694007AFD6E /* zip_error_clear.c */,
				CC386F1E1D92E694007AFD6E /* zip_error_get.c */,
				CC386F1F1D92E694007AFD6E /* zip_error_get_sys_type.c */,
				CC386F201D92E694007AFD6E /* zip_error_strerror.c */,
				CC386F211D92E694007AFD6E /* zip_error_to_str.c */,
				CC386F221D92E694007AFD6E /* zip_extra_field.c */,
				CC386F231D92E694007AFD6E /* zip_extra_field_api.c */,
				CC386F241D92E694007AFD6E /* zip_fclose.c */,
				CC386F251D92E694007AFD6E /* zip_fdopen.c */,
				CC386F261D92E694007AFD6E /* zip_file_add.c */,
				CC386F271D92E694007AFD6E /* zip_file_error_clear.c */,
				CC386F281D92E694007AFD6E /* zip_file_error_get.c */,
				CC386F291D92E694007AFD6E /* zip_file_get_comment.c */,
				CC386F2A1D92E694007AFD6E /* zip_file_get_external_attributes.c */,
				CC386F2B1D92E694007AFD6E /* zip_file_get_offset.c */,
				CC386F2C1D92E694007AFD6E /* zip_file_rename.c */,
				CC386F2D1D92E694007AFD6E /* zip_file_replace.c */,
				CC386F2E1D92E694007AFD6E /* zip_file_set_comment.c */,
				CC386F2F1D92E694007AFD6E /* zip_file_set_external_attributes.c */,
				CC386F301D92E694007AFD6E /* zip_file_strerror.c */,
				CC386F311D92E694007AFD6E /* zip_filerange_crc.c */,
				CC386F321D92E694007AFD6E /* zip_fopen.c */,
				CC386F331D92E694007AFD6E /* zip_fopen_encrypted.c */,
				CC386F341D92E694007AFD6E /* zip_fopen_index.c */,
				CC386F351D92E694007AFD6E /* zip_fopen_index_encrypted.c */,
				CC386F361D92E694007AFD6E /* zip_fread.c */,
				CC386F371D92E694007AFD6E /* zip_get_archive_comment.c */,
				CC386F381D92E694007AFD6E /* zip_get_archive_flag.c */,
				CC386F391D92E694007AFD6E /* zip_get_compression_implementation.c */,
				CC386F3A1D92E694007AFD6E /* zip_get_encryption_implementation.c */,
				CC386F3B1D92E694007AFD6E /* zip_get_file_comment.c */,
				CC386F3C1D92E694007AFD6E /* zip_get_name.c */,
				CC386F3D1D92E694007AFD6E /* zip_get_num_entries.c */,
				CC386F3E1D92E694007AFD6E /* zip_get_num_files.c */,
				CC386F3F1D92E694007AFD6E /* zip_memdup.c */,
				CC386F401D92E694007AFD6E /* zip_name_locate.c */,
				CC386F411D92E694007AFD6E /* zip_new.c */,
				CC386F421D92E694007AFD6E /* zip_open.c */,
				CC386F431D92E694007AFD6E /* zip_rename.c */,
				CC386F441D92E694007AFD6E /* zip_replace.c */,
				CC386F451D92E694007AFD6E /* zip_set_archive_comment.c */,
				CC386F461D92E694007AFD6E /* zip_set_archive_flag.c */,
				CC386F471D92E694007AFD6E /* zip_set_default_password.c */,
				CC386F481D92E694007AFD6E /* zip_set_file_comment.c */,
				CC386F491D92E694007AFD6E /* zip_set_file_compression.c */,
				CC386F4A1D92E694007AFD6E /* zip_set_name.c */,
				CC386F4B1D92E694007AFD6E /* zip_source_buffer.c */,
				CC386F4C1D92E694007AFD6E /* zip_source_close.c */,
				CC386F4D1D92E694007AFD6E /* zip_source_crc.c */,
				CC386F4E1D92E694007AFD6E /* zip_source_deflate.c */,
				CC386F4F1D92E694007AFD6E /* zip_source_error.c */,
				CC386F501D92E694007AFD6E /* zip_source_file.c */,
				CC386F511D92E694007AFD6E /* zip_source_filep.c */,
				CC386F521D92E694007AFD6E /* zip_source_free.c */,
				CC386F531D92E694007AFD6E /* zip_source_function.c */,
				CC386F541D92E694007AFD6E /* zip_source_layered.c */,
				CC386F551D92E694007AFD6E /* zip_source_open.c */,
				CC386F561D92E694007AFD6E /* zip_source_pkware.c */,
				CC386F571D92E694007AFD6E /* zip_source_pop.c */,
				CC386F581D92E694007AFD6E /* zip_source_read.c */,
				CC386F591D92E694007AFD6E /* zip_source_stat.c */,
				CC386F5A1D92E694007AFD6E /* zip_source_window.c */,
				CC386F5B1D92E694007AFD6E /* zip_source_zip.c */,
				CC386F5C1D92E694007AFD6E /* zip_source_zip_new.c */,
				CC386F5D1D92E694007AFD6E /* zip_stat.c */,
				CC386F5E1D92E694007AFD6E /* zip_stat_index.c */,
				CC386F5F1D92E694007AFD6E /* zip_stat_init.c */,
				CC386F601D92E694007AFD6E /* zip_strerror.c */,
				CC386F611D92E694007AFD6E /* zip_string.c */,
				CC386F621D92E694007AFD6E /* zip_unchange.c */,
				CC386F631D92E694007AFD6E /* zip_unchange_all.c */,
				CC386F641D92E694007AFD6E /* zip_unchange_archive.c */,
				CC386F651D92E694007AFD6E /* zip_unchange_data.c */,
				CC386F661D92E694007AFD6E /* zip_utf-8.c */,
				CC386F671D92E694007AFD6E /* zipconf.h */,
				CC386F681D92E694007AFD6E /* zipint.h */,
			);
			path = libzip;
			sourceTree = "<group>";
		};
		CC386FC21D92E6A9007AFD6E /* fmemopen */ = {
			isa = PBXGroup;
			children = (
				CC386FC31D92E6A9007AFD6E /* fmemopen.c */,
				CC386FC41D92E6A9007AFD6E /* fmemopen.h */,
				CC386FC51D92E6A9007AFD6E /* module.modulemap */,
				CC386FC61D92E6A9007AFD6E /* README.md */,
			);
			path = fmemopen;
			sourceTree = "<group>";
		};
		CC386FCC1D92E791007AFD6E /* Frameworks */ = {
			isa = PBXGroup;
			children = (
				CC386FCD1D92E791007AFD6E /* libz.tbd */,
			);
			name = Frameworks;
			sourceTree = "<group>";
		};
/* End PBXGroup section */

/* Begin PBXHeadersBuildPhase section */
		CC386EF31D92E657007AFD6E /* Headers */ = {
			isa = PBXHeadersBuildPhase;
			buildActionMask = 2147483647;
			files = (
				CC386FC01D92E694007AFD6E /* zipconf.h in Headers */,
				CC386F6A1D92E694007AFD6E /* zip.h in Headers */,
				CC386F691D92E694007AFD6E /* config.h in Headers */,
				CC386FC81D92E6A9007AFD6E /* fmemopen.h in Headers */,
				CC386FC11D92E694007AFD6E /* zipint.h in Headers */,
				CC386F071D92E657007AFD6E /* ZUnzip.h in Headers */,
			);
			runOnlyForDeploymentPostprocessing = 0;
		};
/* End PBXHeadersBuildPhase section */

/* Begin PBXNativeTarget section */
		CC386EF51D92E657007AFD6E /* ZUnzip */ = {
			isa = PBXNativeTarget;
			buildConfigurationList = CC386F081D92E657007AFD6E /* Build configuration list for PBXNativeTarget "ZUnzip" */;
			buildPhases = (
				CC386EF11D92E657007AFD6E /* Sources */,
				CC386EF21D92E657007AFD6E /* Frameworks */,
				CC386EF31D92E657007AFD6E /* Headers */,
				CC386EF41D92E657007AFD6E /* Resources */,
			);
			buildRules = (
			);
			dependencies = (
			);
			name = ZUnzip;
			productName = ZUnzip;
			productReference = CC386EF61D92E657007AFD6E /* ZUnzip.framework */;
			productType = "com.apple.product-type.framework";
		};
		CC386EFE1D92E657007AFD6E /* ZUnzipTests */ = {
			isa = PBXNativeTarget;
			buildConfigurationList = CC386F0B1D92E657007AFD6E /* Build configuration list for PBXNativeTarget "ZUnzipTests" */;
			buildPhases = (
				CC386EFB1D92E657007AFD6E /* Sources */,
				CC386EFC1D92E657007AFD6E /* Frameworks */,
				CC386EFD1D92E657007AFD6E /* Resources */,
			);
			buildRules = (
			);
			dependencies = (
				CC386F021D92E657007AFD6E /* PBXTargetDependency */,
			);
			name = ZUnzipTests;
			productName = ZUnzipTests;
			productReference = CC386EFF1D92E657007AFD6E /* ZUnzipTests.xctest */;
			productType = "com.apple.product-type.bundle.unit-test";
		};
/* End PBXNativeTarget section */

/* Begin PBXProject section */
		CC386EEB1D92E623007AFD6E /* Project object */ = {
			isa = PBXProject;
			attributes = {
				LastSwiftUpdateCheck = 0800;
				LastUpgradeCheck = 0800;
				TargetAttributes = {
					CC386EF51D92E657007AFD6E = {
						CreatedOnToolsVersion = 8.0;
						DevelopmentTeam = 2P97EM4L4N;
						LastSwiftMigration = 0800;
						ProvisioningStyle = Automatic;
					};
					CC386EFE1D92E657007AFD6E = {
						CreatedOnToolsVersion = 8.0;
						DevelopmentTeam = 2P97EM4L4N;
						ProvisioningStyle = Automatic;
					};
				};
			};
			buildConfigurationList = CC386EEE1D92E623007AFD6E /* Build configuration list for PBXProject "ZUnzip" */;
			compatibilityVersion = "Xcode 3.2";
			developmentRegion = English;
			hasScannedForEncodings = 0;
			knownRegions = (
				en,
			);
			mainGroup = CC386EEA1D92E623007AFD6E;
			productRefGroup = CC386EF71D92E657007AFD6E /* Products */;
			projectDirPath = "";
			projectRoot = "";
			targets = (
				CC386EF51D92E657007AFD6E /* ZUnzip */,
				CC386EFE1D92E657007AFD6E /* ZUnzipTests */,
			);
		};
/* End PBXProject section */

/* Begin PBXResourcesBuildPhase section */
		CC386EF41D92E657007AFD6E /* Resources */ = {
			isa = PBXResourcesBuildPhase;
			buildActionMask = 2147483647;
			files = (
			);
			runOnlyForDeploymentPostprocessing = 0;
		};
		CC386EFD1D92E657007AFD6E /* Resources */ = {
			isa = PBXResourcesBuildPhase;
			buildActionMask = 2147483647;
			files = (
				CC386FD51D92F1AB007AFD6E /* module.modulemap.dat in Resources */,
				CC386FD61D92F1AB007AFD6E /* README.md.dat in Resources */,
				CC386FD01D92E905007AFD6E /* fmemopen.zip in Resources */,
				CC386FD81D92F1C0007AFD6E /* fmemopen.h.dat in Resources */,
				CC386FD41D92F1AB007AFD6E /* fmemopen.c.dat in Resources */,
			);
			runOnlyForDeploymentPostprocessing = 0;
		};
/* End PBXResourcesBuildPhase section */

/* Begin PBXSourcesBuildPhase section */
		CC386EF11D92E657007AFD6E /* Sources */ = {
			isa = PBXSourcesBuildPhase;
			buildActionMask = 2147483647;
			files = (
				CC386F761D92E694007AFD6E /* zip_error_clear.c in Sources */,
				CC386F971D92E694007AFD6E /* zip_get_num_files.c in Sources */,
				CC386FAE1D92E694007AFD6E /* zip_source_open.c in Sources */,
				CC386FBB1D92E694007AFD6E /* zip_unchange.c in Sources */,
				CC386FC71D92E6A9007AFD6E /* fmemopen.c in Sources */,
				CC386F6E1D92E694007AFD6E /* zip_close.c in Sources */,
				CC386F801D92E694007AFD6E /* zip_file_error_clear.c in Sources */,
				CC386FA11D92E694007AFD6E /* zip_set_file_comment.c in Sources */,
				CC386FA71D92E694007AFD6E /* zip_source_deflate.c in Sources */,
				CC386F6D1D92E694007AFD6E /* zip_add_entry.c in Sources */,
				CC386FAB1D92E694007AFD6E /* zip_source_free.c in Sources */,
				CC386F991D92E694007AFD6E /* zip_name_locate.c in Sources */,
				CC386F721D92E694007AFD6E /* zip_discard.c in Sources */,
				CC386FA31D92E694007AFD6E /* zip_set_name.c in Sources */,
				CC386F7D1D92E694007AFD6E /* zip_fclose.c in Sources */,
				CC386FCB1D92E6D3007AFD6E /* ZUnzip.swift in Sources */,
				CC386F881D92E694007AFD6E /* zip_file_set_external_attributes.c in Sources */,
				CC386FB31D92E694007AFD6E /* zip_source_window.c in Sources */,
				CC386F6B1D92E694007AFD6E /* zip_add.c in Sources */,
				CC386FBD1D92E694007AFD6E /* zip_unchange_archive.c in Sources */,
				CC386F981D92E694007AFD6E /* zip_memdup.c in Sources */,
				CC386F7B1D92E694007AFD6E /* zip_extra_field.c in Sources */,
				CC386FA81D92E694007AFD6E /* zip_source_error.c in Sources */,
				CC386FA91D92E694007AFD6E /* zip_source_file.c in Sources */,
				CC386F781D92E694007AFD6E /* zip_error_get_sys_type.c in Sources */,
				CC386FB01D92E694007AFD6E /* zip_source_pop.c in Sources */,
				CC386F851D92E694007AFD6E /* zip_file_rename.c in Sources */,
				CC386F951D92E694007AFD6E /* zip_get_name.c in Sources */,
				CC386F841D92E694007AFD6E /* zip_file_get_offset.c in Sources */,
				CC386FAA1D92E694007AFD6E /* zip_source_filep.c in Sources */,
				CC386F791D92E694007AFD6E /* zip_error_strerror.c in Sources */,
				CC386F821D92E694007AFD6E /* zip_file_get_comment.c in Sources */,
				CC386F7C1D92E694007AFD6E /* zip_extra_field_api.c in Sources */,
				CC386F701D92E694007AFD6E /* zip_dir_add.c in Sources */,
				CC386F941D92E694007AFD6E /* zip_get_file_comment.c in Sources */,
				CC386F6F1D92E694007AFD6E /* zip_delete.c in Sources */,
				CC386F9A1D92E694007AFD6E /* zip_new.c in Sources */,
				CC386F7A1D92E694007AFD6E /* zip_error_to_str.c in Sources */,
				CC386FA21D92E694007AFD6E /* zip_set_file_compression.c in Sources */,
				CC386F8F1D92E694007AFD6E /* zip_fread.c in Sources */,
				CC386FB41D92E694007AFD6E /* zip_source_zip.c in Sources */,
				CC386F871D92E694007AFD6E /* zip_file_set_comment.c in Sources */,
				CC386FB91D92E694007AFD6E /* zip_strerror.c in Sources */,
				CC386FC91D92E6A9007AFD6E /* README.md in Sources */,
				CC386F931D92E694007AFD6E /* zip_get_encryption_implementation.c in Sources */,
				CC386F9C1D92E694007AFD6E /* zip_rename.c in Sources */,
				CC386FB11D92E694007AFD6E /* zip_source_read.c in Sources */,
				CC386F7F1D92E694007AFD6E /* zip_file_add.c in Sources */,
				CC386FB21D92E694007AFD6E /* zip_source_stat.c in Sources */,
				CC386F711D92E694007AFD6E /* zip_dirent.c in Sources */,
				CC386F9F1D92E694007AFD6E /* zip_set_archive_flag.c in Sources */,
				CC386FB61D92E694007AFD6E /* zip_stat.c in Sources */,
				CC386F8D1D92E694007AFD6E /* zip_fopen_index.c in Sources */,
				CC386F8C1D92E694007AFD6E /* zip_fopen_encrypted.c in Sources */,
				CC386F6C1D92E694007AFD6E /* zip_add_dir.c in Sources */,
				CC386F811D92E694007AFD6E /* zip_file_error_get.c in Sources */,
				CC386FB71D92E694007AFD6E /* zip_stat_index.c in Sources */,
				CC386F751D92E694007AFD6E /* zip_error.c in Sources */,
				CC386F9E1D92E694007AFD6E /* zip_set_archive_comment.c in Sources */,
				CC386FBA1D92E694007AFD6E /* zip_string.c in Sources */,
				CC386F731D92E694007AFD6E /* zip_entry.c in Sources */,
				CC386F831D92E694007AFD6E /* zip_file_get_external_attributes.c in Sources */,
				CC386FAF1D92E694007AFD6E /* zip_source_pkware.c in Sources */,
				CC386F961D92E694007AFD6E /* zip_get_num_entries.c in Sources */,
				CC386F911D92E694007AFD6E /* zip_get_archive_flag.c in Sources */,
				CC386F901D92E694007AFD6E /* zip_get_archive_comment.c in Sources */,
				CC386FBC1D92E694007AFD6E /* zip_unchange_all.c in Sources */,
				CC386FBE1D92E694007AFD6E /* zip_unchange_data.c in Sources */,
				CC386FB51D92E694007AFD6E /* zip_source_zip_new.c in Sources */,
				CC386F9D1D92E694007AFD6E /* zip_replace.c in Sources */,
				CC386FA51D92E694007AFD6E /* zip_source_close.c in Sources */,
				CC386F8B1D92E694007AFD6E /* zip_fopen.c in Sources */,
				CC386FB81D92E694007AFD6E /* zip_stat_init.c in Sources */,
				CC386F8A1D92E694007AFD6E /* zip_filerange_crc.c in Sources */,
				CC386F861D92E694007AFD6E /* zip_file_replace.c in Sources */,
				CC386F741D92E694007AFD6E /* zip_err_str.c in Sources */,
				CC386FBF1D92E694007AFD6E /* zip_utf-8.c in Sources */,
				CC386FA41D92E694007AFD6E /* zip_source_buffer.c in Sources */,
				CC386F771D92E694007AFD6E /* zip_error_get.c in Sources */,
				CC386F9B1D92E694007AFD6E /* zip_open.c in Sources */,
				CC386FAD1D92E694007AFD6E /* zip_source_layered.c in Sources */,
				CC386F891D92E694007AFD6E /* zip_file_strerror.c in Sources */,
				CC386FAC1D92E694007AFD6E /* zip_source_function.c in Sources */,
				CC386F921D92E694007AFD6E /* zip_get_compression_implementation.c in Sources */,
				CC386FA01D92E694007AFD6E /* zip_set_default_password.c in Sources */,
				CC386F8E1D92E694007AFD6E /* zip_fopen_index_encrypted.c in Sources */,
				CC386F7E1D92E694007AFD6E /* zip_fdopen.c in Sources */,
				CC386FA61D92E694007AFD6E /* zip_source_crc.c in Sources */,
			);
			runOnlyForDeploymentPostprocessing = 0;
		};
		CC386EFB1D92E657007AFD6E /* Sources */ = {
			isa = PBXSourcesBuildPhase;
			buildActionMask = 2147483647;
			files = (
				CC386F051D92E657007AFD6E /* ZUnzipTests.swift in Sources */,
			);
			runOnlyForDeploymentPostprocessing = 0;
		};
/* End PBXSourcesBuildPhase section */

/* Begin PBXTargetDependency section */
		CC386F021D92E657007AFD6E /* PBXTargetDependency */ = {
			isa = PBXTargetDependency;
			target = CC386EF51D92E657007AFD6E /* ZUnzip */;
			targetProxy = CC386F011D92E657007AFD6E /* PBXContainerItemProxy */;
		};
/* End PBXTargetDependency section */

/* Begin XCBuildConfiguration section */
		CC386EEF1D92E623007AFD6E /* Debug */ = {
			isa = XCBuildConfiguration;
			buildSettings = {
			};
			name = Debug;
		};
		CC386EF01D92E623007AFD6E /* Release */ = {
			isa = XCBuildConfiguration;
			buildSettings = {
			};
			name = Release;
		};
		CC386F091D92E657007AFD6E /* Debug */ = {
			isa = XCBuildConfiguration;
			buildSettings = {
				ALWAYS_SEARCH_USER_PATHS = NO;
				CLANG_ANALYZER_NONNULL = YES;
				CLANG_CXX_LANGUAGE_STANDARD = "gnu++0x";
				CLANG_CXX_LIBRARY = "libc++";
				CLANG_ENABLE_MODULES = YES;
				CLANG_ENABLE_OBJC_ARC = YES;
				CLANG_WARN_BOOL_CONVERSION = YES;
				CLANG_WARN_CONSTANT_CONVERSION = YES;
				CLANG_WARN_DIRECT_OBJC_ISA_USAGE = YES_ERROR;
				CLANG_WARN_DOCUMENTATION_COMMENTS = YES;
				CLANG_WARN_EMPTY_BODY = YES;
				CLANG_WARN_ENUM_CONVERSION = YES;
				CLANG_WARN_INFINITE_RECURSION = YES;
				CLANG_WARN_INT_CONVERSION = YES;
				CLANG_WARN_OBJC_ROOT_CLASS = YES_ERROR;
				CLANG_WARN_SUSPICIOUS_MOVES = YES;
				CLANG_WARN_UNREACHABLE_CODE = YES;
				CLANG_WARN__DUPLICATE_METHOD_MATCH = YES;
				CODE_SIGN_IDENTITY = "";
				"CODE_SIGN_IDENTITY[sdk=iphoneos*]" = "iPhone Developer";
				COPY_PHASE_STRIP = NO;
				CURRENT_PROJECT_VERSION = 1;
				DEBUG_INFORMATION_FORMAT = dwarf;
				DEFINES_MODULE = YES;
				DEVELOPMENT_TEAM = 2P97EM4L4N;
				DYLIB_COMPATIBILITY_VERSION = 1;
				DYLIB_CURRENT_VERSION = 1;
				DYLIB_INSTALL_NAME_BASE = "@rpath";
				ENABLE_STRICT_OBJC_MSGSEND = YES;
				ENABLE_TESTABILITY = YES;
				GCC_C_LANGUAGE_STANDARD = gnu99;
				GCC_DYNAMIC_NO_PIC = NO;
				GCC_NO_COMMON_BLOCKS = YES;
				GCC_OPTIMIZATION_LEVEL = 0;
				GCC_PREPROCESSOR_DEFINITIONS = (
					"DEBUG=1",
					"$(inherited)",
				);
				GCC_WARN_64_TO_32_BIT_CONVERSION = YES;
				GCC_WARN_ABOUT_RETURN_TYPE = YES_ERROR;
				GCC_WARN_UNDECLARED_SELECTOR = YES;
				GCC_WARN_UNINITIALIZED_AUTOS = YES_AGGRESSIVE;
				GCC_WARN_UNUSED_FUNCTION = YES;
				GCC_WARN_UNUSED_VARIABLE = YES;
				INFOPLIST_FILE = ZUnzip/Info.plist;
				INSTALL_PATH = "$(LOCAL_LIBRARY_DIR)/Frameworks";
				IPHONEOS_DEPLOYMENT_TARGET = 10.0;
				LD_RUNPATH_SEARCH_PATHS = "$(inherited) @executable_path/Frameworks @loader_path/Frameworks";
				MTL_ENABLE_DEBUG_INFO = YES;
				ONLY_ACTIVE_ARCH = YES;
				PRODUCT_BUNDLE_IDENTIFIER = com.electricwoods.ZUnzip;
				PRODUCT_NAME = "$(TARGET_NAME)";
				SDKROOT = iphoneos;
				SKIP_INSTALL = YES;
				SWIFT_ACTIVE_COMPILATION_CONDITIONS = DEBUG;
				SWIFT_INCLUDE_PATHS = "$(SRCROOT)/ZUnzip/libzip $(SRCROOT)/ZUnzip/fmemopen";
				SWIFT_OPTIMIZATION_LEVEL = "-Onone";
				SWIFT_VERSION = 3.0;
				TARGETED_DEVICE_FAMILY = "1,2";
				VERSIONING_SYSTEM = "apple-generic";
				VERSION_INFO_PREFIX = "";
			};
			name = Debug;
		};
		CC386F0A1D92E657007AFD6E /* Release */ = {
			isa = XCBuildConfiguration;
			buildSettings = {
				ALWAYS_SEARCH_USER_PATHS = NO;
				CLANG_ANALYZER_NONNULL = YES;
				CLANG_CXX_LANGUAGE_STANDARD = "gnu++0x";
				CLANG_CXX_LIBRARY = "libc++";
				CLANG_ENABLE_MODULES = YES;
				CLANG_ENABLE_OBJC_ARC = YES;
				CLANG_WARN_BOOL_CONVERSION = YES;
				CLANG_WARN_CONSTANT_CONVERSION = YES;
				CLANG_WARN_DIRECT_OBJC_ISA_USAGE = YES_ERROR;
				CLANG_WARN_DOCUMENTATION_COMMENTS = YES;
				CLANG_WARN_EMPTY_BODY = YES;
				CLANG_WARN_ENUM_CONVERSION = YES;
				CLANG_WARN_INFINITE_RECURSION = YES;
				CLANG_WARN_INT_CONVERSION = YES;
				CLANG_WARN_OBJC_ROOT_CLASS = YES_ERROR;
				CLANG_WARN_SUSPICIOUS_MOVES = YES;
				CLANG_WARN_UNREACHABLE_CODE = YES;
				CLANG_WARN__DUPLICATE_METHOD_MATCH = YES;
				CODE_SIGN_IDENTITY = "";
				"CODE_SIGN_IDENTITY[sdk=iphoneos*]" = "iPhone Developer";
				COPY_PHASE_STRIP = NO;
				CURRENT_PROJECT_VERSION = 1;
				DEBUG_INFORMATION_FORMAT = "dwarf-with-dsym";
				DEFINES_MODULE = YES;
				DEVELOPMENT_TEAM = 2P97EM4L4N;
				DYLIB_COMPATIBILITY_VERSION = 1;
				DYLIB_CURRENT_VERSION = 1;
				DYLIB_INSTALL_NAME_BASE = "@rpath";
				ENABLE_NS_ASSERTIONS = NO;
				ENABLE_STRICT_OBJC_MSGSEND = YES;
				GCC_C_LANGUAGE_STANDARD = gnu99;
				GCC_NO_COMMON_BLOCKS = YES;
				GCC_WARN_64_TO_32_BIT_CONVERSION = YES;
				GCC_WARN_ABOUT_RETURN_TYPE = YES_ERROR;
				GCC_WARN_UNDECLARED_SELECTOR = YES;
				GCC_WARN_UNINITIALIZED_AUTOS = YES_AGGRESSIVE;
				GCC_WARN_UNUSED_FUNCTION = YES;
				GCC_WARN_UNUSED_VARIABLE = YES;
				INFOPLIST_FILE = ZUnzip/Info.plist;
				INSTALL_PATH = "$(LOCAL_LIBRARY_DIR)/Frameworks";
				IPHONEOS_DEPLOYMENT_TARGET = 10.0;
				LD_RUNPATH_SEARCH_PATHS = "$(inherited) @executable_path/Frameworks @loader_path/Frameworks";
				MTL_ENABLE_DEBUG_INFO = NO;
				PRODUCT_BUNDLE_IDENTIFIER = com.electricwoods.ZUnzip;
				PRODUCT_NAME = "$(TARGET_NAME)";
				SDKROOT = iphoneos;
				SKIP_INSTALL = YES;
				SWIFT_INCLUDE_PATHS = "$(SRCROOT)/ZUnzip/libzip $(SRCROOT)/ZUnzip/fmemopen";
				SWIFT_OPTIMIZATION_LEVEL = "-Owholemodule";
				SWIFT_VERSION = 3.0;
				TARGETED_DEVICE_FAMILY = "1,2";
				VALIDATE_PRODUCT = YES;
				VERSIONING_SYSTEM = "apple-generic";
				VERSION_INFO_PREFIX = "";
			};
			name = Release;
		};
		CC386F0C1D92E657007AFD6E /* Debug */ = {
			isa = XCBuildConfiguration;
			buildSettings = {
				ALWAYS_EMBED_SWIFT_STANDARD_LIBRARIES = YES;
				ALWAYS_SEARCH_USER_PATHS = NO;
				CLANG_ANALYZER_NONNULL = YES;
				CLANG_CXX_LANGUAGE_STANDARD = "gnu++0x";
				CLANG_CXX_LIBRARY = "libc++";
				CLANG_ENABLE_MODULES = YES;
				CLANG_ENABLE_OBJC_ARC = YES;
				CLANG_WARN_BOOL_CONVERSION = YES;
				CLANG_WARN_CONSTANT_CONVERSION = YES;
				CLANG_WARN_DIRECT_OBJC_ISA_USAGE = YES_ERROR;
				CLANG_WARN_DOCUMENTATION_COMMENTS = YES;
				CLANG_WARN_EMPTY_BODY = YES;
				CLANG_WARN_ENUM_CONVERSION = YES;
				CLANG_WARN_INFINITE_RECURSION = YES;
				CLANG_WARN_INT_CONVERSION = YES;
				CLANG_WARN_OBJC_ROOT_CLASS = YES_ERROR;
				CLANG_WARN_SUSPICIOUS_MOVES = YES;
				CLANG_WARN_UNREACHABLE_CODE = YES;
				CLANG_WARN__DUPLICATE_METHOD_MATCH = YES;
				"CODE_SIGN_IDENTITY[sdk=iphoneos*]" = "iPhone Developer";
				COPY_PHASE_STRIP = NO;
				DEBUG_INFORMATION_FORMAT = dwarf;
				DEVELOPMENT_TEAM = 2P97EM4L4N;
				ENABLE_STRICT_OBJC_MSGSEND = YES;
				ENABLE_TESTABILITY = YES;
				GCC_C_LANGUAGE_STANDARD = gnu99;
				GCC_DYNAMIC_NO_PIC = NO;
				GCC_NO_COMMON_BLOCKS = YES;
				GCC_OPTIMIZATION_LEVEL = 0;
				GCC_PREPROCESSOR_DEFINITIONS = (
					"DEBUG=1",
					"$(inherited)",
				);
				GCC_WARN_64_TO_32_BIT_CONVERSION = YES;
				GCC_WARN_ABOUT_RETURN_TYPE = YES_ERROR;
				GCC_WARN_UNDECLARED_SELECTOR = YES;
				GCC_WARN_UNINITIALIZED_AUTOS = YES_AGGRESSIVE;
				GCC_WARN_UNUSED_FUNCTION = YES;
				GCC_WARN_UNUSED_VARIABLE = YES;
				INFOPLIST_FILE = ZUnzipTests/Info.plist;
				IPHONEOS_DEPLOYMENT_TARGET = 10.0;
				LD_RUNPATH_SEARCH_PATHS = "$(inherited) @executable_path/Frameworks @loader_path/Frameworks";
				MTL_ENABLE_DEBUG_INFO = YES;
				ONLY_ACTIVE_ARCH = YES;
				PRODUCT_BUNDLE_IDENTIFIER = com.electricwoods.ZUnzipTests;
				PRODUCT_NAME = "$(TARGET_NAME)";
				SDKROOT = iphoneos;
				SWIFT_ACTIVE_COMPILATION_CONDITIONS = DEBUG;
				SWIFT_OPTIMIZATION_LEVEL = "-Onone";
				SWIFT_VERSION = 3.0;
			};
			name = Debug;
		};
		CC386F0D1D92E657007AFD6E /* Release */ = {
			isa = XCBuildConfiguration;
			buildSettings = {
				ALWAYS_EMBED_SWIFT_STANDARD_LIBRARIES = YES;
				ALWAYS_SEARCH_USER_PATHS = NO;
				CLANG_ANALYZER_NONNULL = YES;
				CLANG_CXX_LANGUAGE_STANDARD = "gnu++0x";
				CLANG_CXX_LIBRARY = "libc++";
				CLANG_ENABLE_MODULES = YES;
				CLANG_ENABLE_OBJC_ARC = YES;
				CLANG_WARN_BOOL_CONVERSION = YES;
				CLANG_WARN_CONSTANT_CONVERSION = YES;
				CLANG_WARN_DIRECT_OBJC_ISA_USAGE = YES_ERROR;
				CLANG_WARN_DOCUMENTATION_COMMENTS = YES;
				CLANG_WARN_EMPTY_BODY = YES;
				CLANG_WARN_ENUM_CONVERSION = YES;
				CLANG_WARN_INFINITE_RECURSION = YES;
				CLANG_WARN_INT_CONVERSION = YES;
				CLANG_WARN_OBJC_ROOT_CLASS = YES_ERROR;
				CLANG_WARN_SUSPICIOUS_MOVES = YES;
				CLANG_WARN_UNREACHABLE_CODE = YES;
				CLANG_WARN__DUPLICATE_METHOD_MATCH = YES;
				"CODE_SIGN_IDENTITY[sdk=iphoneos*]" = "iPhone Developer";
				COPY_PHASE_STRIP = NO;
				DEBUG_INFORMATION_FORMAT = "dwarf-with-dsym";
				DEVELOPMENT_TEAM = 2P97EM4L4N;
				ENABLE_NS_ASSERTIONS = NO;
				ENABLE_STRICT_OBJC_MSGSEND = YES;
				GCC_C_LANGUAGE_STANDARD = gnu99;
				GCC_NO_COMMON_BLOCKS = YES;
				GCC_WARN_64_TO_32_BIT_CONVERSION = YES;
				GCC_WARN_ABOUT_RETURN_TYPE = YES_ERROR;
				GCC_WARN_UNDECLARED_SELECTOR = YES;
				GCC_WARN_UNINITIALIZED_AUTOS = YES_AGGRESSIVE;
				GCC_WARN_UNUSED_FUNCTION = YES;
				GCC_WARN_UNUSED_VARIABLE = YES;
				INFOPLIST_FILE = ZUnzipTests/Info.plist;
				IPHONEOS_DEPLOYMENT_TARGET = 10.0;
				LD_RUNPATH_SEARCH_PATHS = "$(inherited) @executable_path/Frameworks @loader_path/Frameworks";
				MTL_ENABLE_DEBUG_INFO = NO;
				PRODUCT_BUNDLE_IDENTIFIER = com.electricwoods.ZUnzipTests;
				PRODUCT_NAME = "$(TARGET_NAME)";
				SDKROOT = iphoneos;
				SWIFT_OPTIMIZATION_LEVEL = "-Owholemodule";
				SWIFT_VERSION = 3.0;
				VALIDATE_PRODUCT = YES;
			};
			name = Release;
		};
/* End XCBuildConfiguration section */

/* Begin XCConfigurationList section */
		CC386EEE1D92E623007AFD6E /* Build configuration list for PBXProject "ZUnzip" */ = {
			isa = XCConfigurationList;
			buildConfigurations = (
				CC386EEF1D92E623007AFD6E /* Debug */,
				CC386EF01D92E623007AFD6E /* Release */,
			);
			defaultConfigurationIsVisible = 0;
			defaultConfigurationName = Release;
		};
		CC386F081D92E657007AFD6E /* Build configuration list for PBXNativeTarget "ZUnzip" */ = {
			isa = XCConfigurationList;
			buildConfigurations = (
				CC386F091D92E657007AFD6E /* Debug */,
				CC386F0A1D92E657007AFD6E /* Release */,
			);
			defaultConfigurationIsVisible = 0;
		};
		CC386F0B1D92E657007AFD6E /* Build configuration list for PBXNativeTarget "ZUnzipTests" */ = {
			isa = XCConfigurationList;
			buildConfigurations = (
				CC386F0C1D92E657007AFD6E /* Debug */,
				CC386F0D1D92E657007AFD6E /* Release */,
			);
			defaultConfigurationIsVisible = 0;
		};
/* End XCConfigurationList section */
	};
	rootObject = CC386EEB1D92E623007AFD6E /* Project object */;
}
